// !$*UTF8*$!
{
	archiveVersion = 1;
	classes = {
	};
	objectVersion = 56;
	objects = {

/* Begin PBXBuildFile section */
		0B1001012B8F500000000001 /* FieldLGXNativeApp.swift in Sources */ = {isa = PBXBuildFile; fileRef = 0B1002012B8F500000000001 /* FieldLGXNativeApp.swift */; };
		0B1001022B8F500000000001 /* AppShell.swift in Sources */ = {isa = PBXBuildFile; fileRef = 0B1002022B8F500000000001 /* AppShell.swift */; };
		0B1001032B8F500000000001 /* AppTab.swift in Sources */ = {isa = PBXBuildFile; fileRef = 0B1002032B8F500000000001 /* AppTab.swift */; };
		0B1001042B8F500000000001 /* AuthScreen.swift in Sources */ = {isa = PBXBuildFile; fileRef = 0B1002042B8F500000000001 /* AuthScreen.swift */; };
		0B1001052B8F500000000001 /* AuthSession.swift in Sources */ = {isa = PBXBuildFile; fileRef = 0B1002052B8F500000000001 /* AuthSession.swift */; };
		0B1001062B8F500000000001 /* APIModels.swift in Sources */ = {isa = PBXBuildFile; fileRef = 0B1002062B8F500000000001 /* APIModels.swift */; };
		0B1001072B8F500000000001 /* FieldLGXTheme.swift in Sources */ = {isa = PBXBuildFile; fileRef = 0B1002072B8F500000000001 /* FieldLGXTheme.swift */; };
		0B1001082B8F500000000001 /* Assets.xcassets in Resources */ = {isa = PBXBuildFile; fileRef = 0B1002082B8F500000000001 /* Assets.xcassets */; };
		0B1001092B8F500000000001 /* APIClient.swift in Sources */ = {isa = PBXBuildFile; fileRef = 0B10020A2B8F500000000001 /* APIClient.swift */; };
		0B10010A2B8F500000000001 /* KeychainStore.swift in Sources */ = {isa = PBXBuildFile; fileRef = 0B10020B2B8F500000000001 /* KeychainStore.swift */; };
		0B10010B2B8F500000000001 /* SyncModels.swift in Sources */ = {isa = PBXBuildFile; fileRef = 0B10020C2B8F500000000001 /* SyncModels.swift */; };
		0B10010C2B8F500000000001 /* SyncQueue.swift in Sources */ = {isa = PBXBuildFile; fileRef = 0B10020D2B8F500000000001 /* SyncQueue.swift */; };
		0B10010D2B8F500000000001 /* TodayScreen.swift in Sources */ = {isa = PBXBuildFile; fileRef = 0B10020E2B8F500000000001 /* TodayScreen.swift */; };
		0B10010E2B8F500000000001 /* JobDetailScreen.swift in Sources */ = {isa = PBXBuildFile; fileRef = 0B10020F2B8F500000000001 /* JobDetailScreen.swift */; };
		0B10010F2B8F500000000001 /* CommandScreen.swift in Sources */ = {isa = PBXBuildFile; fileRef = 0B1002102B8F500000000001 /* CommandScreen.swift */; };
		0B1001102B8F500000000001 /* WorkScreen.swift in Sources */ = {isa = PBXBuildFile; fileRef = 0B1002112B8F500000000001 /* WorkScreen.swift */; };
		0B1001112B8F500000000001 /* ClientsScreen.swift in Sources */ = {isa = PBXBuildFile; fileRef = 0B1002122B8F500000000001 /* ClientsScreen.swift */; };
		0B1001122B8F500000000001 /* ClientDetailScreen.swift in Sources */ = {isa = PBXBuildFile; fileRef = 0B1002132B8F500000000001 /* ClientDetailScreen.swift */; };
		0B1001132B8F500000000001 /* CalendarScreen.swift in Sources */ = {isa = PBXBuildFile; fileRef = 0B1002142B8F500000000001 /* CalendarScreen.swift */; };
		0B1001142B8F500000000001 /* MoneyScreen.swift in Sources */ = {isa = PBXBuildFile; fileRef = 0B1002152B8F500000000001 /* MoneyScreen.swift */; };
		0B1001152B8F500000000001 /* InvoiceDetailScreen.swift in Sources */ = {isa = PBXBuildFile; fileRef = 0B1002162B8F500000000001 /* InvoiceDetailScreen.swift */; };
		0B1001162B8F500000000001 /* EstimateDetailScreen.swift in Sources */ = {isa = PBXBuildFile; fileRef = 0B1002172B8F500000000001 /* EstimateDetailScreen.swift */; };
		0B1001172B8F500000000001 /* OwnerCommandScreens.swift in Sources */ = {isa = PBXBuildFile; fileRef = 0B1002182B8F500000000001 /* OwnerCommandScreens.swift */; };
/* End PBXBuildFile section */

/* Begin PBXFileReference section */
		0B1000012B8F500000000001 /* FieldLGXNative.app */ = {isa = PBXFileReference; explicitFileType = wrapper.application; includeInIndex = 0; path = FieldLGXNative.app; sourceTree = BUILT_PRODUCTS_DIR; };
		0B1002012B8F500000000001 /* FieldLGXNativeApp.swift */ = {isa = PBXFileReference; lastKnownFileType = sourcecode.swift; path = FieldLGXNativeApp.swift; sourceTree = "<group>"; };
		0B1002022B8F500000000001 /* AppShell.swift */ = {isa = PBXFileReference; lastKnownFileType = sourcecode.swift; path = AppShell.swift; sourceTree = "<group>"; };
		0B1002032B8F500000000001 /* AppTab.swift */ = {isa = PBXFileReference; lastKnownFileType = sourcecode.swift; path = AppTab.swift; sourceTree = "<group>"; };
		0B1002042B8F500000000001 /* AuthScreen.swift */ = {isa = PBXFileReference; lastKnownFileType = sourcecode.swift; path = AuthScreen.swift; sourceTree = "<group>"; };
		0B1002052B8F500000000001 /* AuthSession.swift */ = {isa = PBXFileReference; lastKnownFileType = sourcecode.swift; path = AuthSession.swift; sourceTree = "<group>"; };
		0B1002062B8F500000000001 /* APIModels.swift */ = {isa = PBXFileReference; lastKnownFileType = sourcecode.swift; path = APIModels.swift; sourceTree = "<group>"; };
		0B1002072B8F500000000001 /* FieldLGXTheme.swift */ = {isa = PBXFileReference; lastKnownFileType = sourcecode.swift; path = FieldLGXTheme.swift; sourceTree = "<group>"; };
		0B1002082B8F500000000001 /* Assets.xcassets */ = {isa = PBXFileReference; lastKnownFileType = folder.assetcatalog; path = Assets.xcassets; sourceTree = "<group>"; };
		0B1002092B8F500000000001 /* Info.plist */ = {isa = PBXFileReference; lastKnownFileType = text.plist.xml; path = Info.plist; sourceTree = "<group>"; };
		0B10020A2B8F500000000001 /* APIClient.swift */ = {isa = PBXFileReference; lastKnownFileType = sourcecode.swift; path = APIClient.swift; sourceTree = "<group>"; };
		0B10020B2B8F500000000001 /* KeychainStore.swift */ = {isa = PBXFileReference; lastKnownFileType = sourcecode.swift; path = KeychainStore.swift; sourceTree = "<group>"; };
		0B10020C2B8F500000000001 /* SyncModels.swift */ = {isa = PBXFileReference; lastKnownFileType = sourcecode.swift; path = SyncModels.swift; sourceTree = "<group>"; };
		0B10020D2B8F500000000001 /* SyncQueue.swift */ = {isa = PBXFileReference; lastKnownFileType = sourcecode.swift; path = SyncQueue.swift; sourceTree = "<group>"; };
		0B10020E2B8F500000000001 /* TodayScreen.swift */ = {isa = PBXFileReference; lastKnownFileType = sourcecode.swift; path = TodayScreen.swift; sourceTree = "<group>"; };
		0B10020F2B8F500000000001 /* JobDetailScreen.swift */ = {isa = PBXFileReference; lastKnownFileType = sourcecode.swift; path = JobDetailScreen.swift; sourceTree = "<group>"; };
		0B1002102B8F500000000001 /* CommandScreen.swift */ = {isa = PBXFileReference; lastKnownFileType = sourcecode.swift; path = CommandScreen.swift; sourceTree = "<group>"; };
		0B1002112B8F500000000001 /* WorkScreen.swift */ = {isa = PBXFileReference; lastKnownFileType = sourcecode.swift; path = WorkScreen.swift; sourceTree = "<group>"; };
		0B1002122B8F500000000001 /* ClientsScreen.swift */ = {isa = PBXFileReference; lastKnownFileType = sourcecode.swift; path = ClientsScreen.swift; sourceTree = "<group>"; };
		0B1002132B8F500000000001 /* ClientDetailScreen.swift */ = {isa = PBXFileReference; lastKnownFileType = sourcecode.swift; path = ClientDetailScreen.swift; sourceTree = "<group>"; };
		0B1002142B8F500000000001 /* CalendarScreen.swift */ = {isa = PBXFileReference; lastKnownFileType = sourcecode.swift; path = CalendarScreen.swift; sourceTree = "<group>"; };
		0B1002152B8F500000000001 /* MoneyScreen.swift */ = {isa = PBXFileReference; lastKnownFileType = sourcecode.swift; path = MoneyScreen.swift; sourceTree = "<group>"; };
		0B1002162B8F500000000001 /* InvoiceDetailScreen.swift */ = {isa = PBXFileReference; lastKnownFileType = sourcecode.swift; path = InvoiceDetailScreen.swift; sourceTree = "<group>"; };
		0B1002172B8F500000000001 /* EstimateDetailScreen.swift */ = {isa = PBXFileReference; lastKnownFileType = sourcecode.swift; path = EstimateDetailScreen.swift; sourceTree = "<group>"; };
		0B1002182B8F500000000001 /* OwnerCommandScreens.swift */ = {isa = PBXFileReference; lastKnownFileType = sourcecode.swift; path = OwnerCommandScreens.swift; sourceTree = "<group>"; };
/* End PBXFileReference section */

/* Begin PBXFrameworksBuildPhase section */
		0B1003012B8F500000000001 /* Frameworks */ = {
			isa = PBXFrameworksBuildPhase;
			buildActionMask = 2147483647;
			files = (
			);
			runOnlyForDeploymentPostprocessing = 0;
		};
/* End PBXFrameworksBuildPhase section */

/* Begin PBXGroup section */
		0B1004012B8F500000000001 = {
			isa = PBXGroup;
			children = (
				0B1004022B8F500000000001 /* FieldLGXNative */,
				0B1004032B8F500000000001 /* Products */,
			);
			sourceTree = "<group>";
		};
		0B1004022B8F500000000001 /* FieldLGXNative */ = {
			isa = PBXGroup;
			children = (
				0B1002012B8F500000000001 /* FieldLGXNativeApp.swift */,
				0B1005012B8F500000000001 /* App */,
				0B1005022B8F500000000001 /* Auth */,
				0B1005032B8F500000000001 /* API */,
				0B1005052B8F500000000001 /* Security */,
				0B1005062B8F500000000001 /* Sync */,
				0B1005042B8F500000000001 /* Design */,
				0B1002082B8F500000000001 /* Assets.xcassets */,
				0B1002092B8F500000000001 /* Info.plist */,
			);
			path = FieldLGXNative;
			sourceTree = "<group>";
		};
		0B1004032B8F500000000001 /* Products */ = {
			isa = PBXGroup;
			children = (
				0B1000012B8F500000000001 /* FieldLGXNative.app */,
			);
			name = Products;
			sourceTree = "<group>";
		};
		0B1005012B8F500000000001 /* App */ = {
			isa = PBXGroup;
			children = (
				0B1002022B8F500000000001 /* AppShell.swift */,
				0B1002032B8F500000000001 /* AppTab.swift */,
				0B1002102B8F500000000001 /* CommandScreen.swift */,
				0B1002142B8F500000000001 /* CalendarScreen.swift */,
				0B1002112B8F500000000001 /* WorkScreen.swift */,
				0B1002122B8F500000000001 /* ClientsScreen.swift */,
				0B1002132B8F500000000001 /* ClientDetailScreen.swift */,
				0B1002152B8F500000000001 /* MoneyScreen.swift */,
				0B1002162B8F500000000001 /* InvoiceDetailScreen.swift */,
				0B1002172B8F500000000001 /* EstimateDetailScreen.swift */,
				0B1002182B8F500000000001 /* OwnerCommandScreens.swift */,
				0B10020E2B8F500000000001 /* TodayScreen.swift */,
				0B10020F2B8F500000000001 /* JobDetailScreen.swift */,
			);
			path = App;
			sourceTree = "<group>";
		};
		0B1005022B8F500000000001 /* Auth */ = {
			isa = PBXGroup;
			children = (
				0B1002042B8F500000000001 /* AuthScreen.swift */,
				0B1002052B8F500000000001 /* AuthSession.swift */,
			);
			path = Auth;
			sourceTree = "<group>";
		};
		0B1005032B8F500000000001 /* API */ = {
			isa = PBXGroup;
			children = (
				0B10020A2B8F500000000001 /* APIClient.swift */,
				0B1002062B8F500000000001 /* APIModels.swift */,
			);
			path = API;
			sourceTree = "<group>";
		};
		0B1005042B8F500000000001 /* Design */ = {
			isa = PBXGroup;
			children = (
				0B1002072B8F500000000001 /* FieldLGXTheme.swift */,
			);
			path = Design;
			sourceTree = "<group>";
		};
		0B1005052B8F500000000001 /* Security */ = {
			isa = PBXGroup;
			children = (
				0B10020B2B8F500000000001 /* KeychainStore.swift */,
			);
			path = Security;
			sourceTree = "<group>";
		};
		0B1005062B8F500000000001 /* Sync */ = {
			isa = PBXGroup;
			children = (
				0B10020C2B8F500000000001 /* SyncModels.swift */,
				0B10020D2B8F500000000001 /* SyncQueue.swift */,
			);
			path = Sync;
			sourceTree = "<group>";
		};
/* End PBXGroup section */

/* Begin PBXNativeTarget section */
		0B1006012B8F500000000001 /* FieldLGXNative */ = {
			isa = PBXNativeTarget;
			buildConfigurationList = 0B1009012B8F500000000001 /* Build configuration list for PBXNativeTarget "FieldLGXNative" */;
			buildPhases = (
				0B1007012B8F500000000001 /* Sources */,
				0B1003012B8F500000000001 /* Frameworks */,
				0B1007022B8F500000000001 /* Resources */,
			);
			buildRules = (
			);
			dependencies = (
			);
			name = FieldLGXNative;
			productName = FieldLGXNative;
			productReference = 0B1000012B8F500000000001 /* FieldLGXNative.app */;
			productType = "com.apple.product-type.application";
		};
/* End PBXNativeTarget section */

/* Begin PBXProject section */
		0B1008012B8F500000000001 /* Project object */ = {
			isa = PBXProject;
			attributes = {
				BuildIndependentTargetsInParallel = 1;
				LastSwiftUpdateCheck = 1600;
				LastUpgradeCheck = 1600;
				TargetAttributes = {
					0B1006012B8F500000000001 = {
						CreatedOnToolsVersion = 16.0;
					};
				};
			};
			buildConfigurationList = 0B1009022B8F500000000001 /* Build configuration list for PBXProject "FieldLGXNative" */;
			compatibilityVersion = "Xcode 14.0";
			developmentRegion = en;
			hasScannedForEncodings = 0;
			knownRegions = (
				en,
				Base,
			);
			mainGroup = 0B1004012B8F500000000001;
			productRefGroup = 0B1004032B8F500000000001 /* Products */;
			projectDirPath = "";
			projectRoot = "";
			targets = (
				0B1006012B8F500000000001 /* FieldLGXNative */,
			);
		};
/* End PBXProject section */

/* Begin PBXResourcesBuildPhase section */
		0B1007022B8F500000000001 /* Resources */ = {
			isa = PBXResourcesBuildPhase;
			buildActionMask = 2147483647;
			files = (
				0B1001082B8F500000000001 /* Assets.xcassets in Resources */,
			);
			runOnlyForDeploymentPostprocessing = 0;
		};
/* End PBXResourcesBuildPhase section */

/* Begin PBXSourcesBuildPhase section */
		0B1007012B8F500000000001 /* Sources */ = {
			isa = PBXSourcesBuildPhase;
			buildActionMask = 2147483647;
			files = (
				0B1001012B8F500000000001 /* FieldLGXNativeApp.swift in Sources */,
				0B1001022B8F500000000001 /* AppShell.swift in Sources */,
				0B1001032B8F500000000001 /* AppTab.swift in Sources */,
				0B1001042B8F500000000001 /* AuthScreen.swift in Sources */,
				0B1001052B8F500000000001 /* AuthSession.swift in Sources */,
				0B1001092B8F500000000001 /* APIClient.swift in Sources */,
				0B1001062B8F500000000001 /* APIModels.swift in Sources */,
				0B10010A2B8F500000000001 /* KeychainStore.swift in Sources */,
				0B10010B2B8F500000000001 /* SyncModels.swift in Sources */,
				0B10010C2B8F500000000001 /* SyncQueue.swift in Sources */,
				0B10010F2B8F500000000001 /* CommandScreen.swift in Sources */,
				0B1001132B8F500000000001 /* CalendarScreen.swift in Sources */,
				0B1001102B8F500000000001 /* WorkScreen.swift in Sources */,
				0B1001112B8F500000000001 /* ClientsScreen.swift in Sources */,
				0B1001122B8F500000000001 /* ClientDetailScreen.swift in Sources */,
				0B1001142B8F500000000001 /* MoneyScreen.swift in Sources */,
				0B1001152B8F500000000001 /* InvoiceDetailScreen.swift in Sources */,
				0B1001162B8F500000000001 /* EstimateDetailScreen.swift in Sources */,
				0B1001172B8F500000000001 /* OwnerCommandScreens.swift in Sources */,
				0B10010D2B8F500000000001 /* TodayScreen.swift in Sources */,
				0B10010E2B8F500000000001 /* JobDetailScreen.swift in Sources */,
				0B1001072B8F500000000001 /* FieldLGXTheme.swift in Sources */,
			);
			runOnlyForDeploymentPostprocessing = 0;
		};
/* End PBXSourcesBuildPhase section */

/* Begin XCBuildConfiguration section */
		0B100A012B8F500000000001 /* Debug */ = {
			isa = XCBuildConfiguration;
			buildSettings = {
				ALWAYS_SEARCH_USER_PATHS = NO;
				CLANG_ANALYZER_NONNULL = YES;
				CLANG_ANALYZER_NUMBER_OBJECT_CONVERSION = YES_AGGRESSIVE;
				CLANG_CXX_LANGUAGE_STANDARD = "gnu++20";
				CLANG_ENABLE_MODULES = YES;
				CLANG_ENABLE_OBJC_ARC = YES;
				CLANG_ENABLE_OBJC_WEAK = YES;
				CLANG_WARN_BLOCK_CAPTURE_AUTORELEASING = YES;
				CLANG_WARN_BOOL_CONVERSION = YES;
				CLANG_WARN_COMMA = YES;
				CLANG_WARN_CONSTANT_CONVERSION = YES;
				CLANG_WARN_DEPRECATED_OBJC_IMPLEMENTATIONS = YES;
				CLANG_WARN_DIRECT_OBJC_ISA_USAGE = YES_ERROR;
				CLANG_WARN_DOCUMENTATION_COMMENTS = YES;
				CLANG_WARN_EMPTY_BODY = YES;
				CLANG_WARN_ENUM_CONVERSION = YES;
				CLANG_WARN_INFINITE_RECURSION = YES;
				CLANG_WARN_INT_CONVERSION = YES;
				CLANG_WARN_NON_LITERAL_NULL_CONVERSION = YES;
				CLANG_WARN_OBJC_IMPLICIT_RETAIN_SELF = YES;
				CLANG_WARN_OBJC_LITERAL_CONVERSION = YES;
				CLANG_WARN_OBJC_ROOT_CLASS = YES_ERROR;
				CLANG_WARN_QUOTED_INCLUDE_IN_FRAMEWORK_HEADER = YES;
				CLANG_WARN_RANGE_LOOP_ANALYSIS = YES;
				CLANG_WARN_STRICT_PROTOTYPES = YES;
				CLANG_WARN_SUSPICIOUS_MOVE = YES;
				CLANG_WARN_UNGUARDED_AVAILABILITY = YES_AGGRESSIVE;
				CLANG_WARN_UNREACHABLE_CODE = YES;
				CLANG_WARN__DUPLICATE_METHOD_MATCH = YES;
				COPY_PHASE_STRIP = NO;
				DEBUG_INFORMATION_FORMAT = dwarf;
				ENABLE_STRICT_OBJC_MSGSEND = YES;
				ENABLE_TESTABILITY = YES;
				ENABLE_USER_SCRIPT_SANDBOXING = YES;
				GCC_C_LANGUAGE_STANDARD = gnu17;
				GCC_DYNAMIC_NO_PIC = NO;
				GCC_NO_COMMON_BLOCKS = YES;
				GCC_OPTIMIZATION_LEVEL = 0;
				GCC_PREPROCESSOR_DEFINITIONS = (
					"DEBUG=1",
					"$(inherited)",
				);
				GCC_WARN_64_TO_32_BIT_CONVERSION = YES;
				GCC_WARN_ABOUT_RETURN_TYPE = YES_ERROR;
				GCC_WARN_UNDECLARED_SELECTOR = YES;
				GCC_WARN_UNINITIALIZED_AUTOS = YES_AGGRESSIVE;
				GCC_WARN_UNUSED_FUNCTION = YES;
				GCC_WARN_UNUSED_VARIABLE = YES;
				IPHONEOS_DEPLOYMENT_TARGET = 17.0;
				MTL_ENABLE_DEBUG_INFO = INCLUDE_SOURCE;
				MTL_FAST_MATH = YES;
				ONLY_ACTIVE_ARCH = YES;
				SDKROOT = iphoneos;
				SWIFT_ACTIVE_COMPILATION_CONDITIONS = DEBUG;
				SWIFT_OPTIMIZATION_LEVEL = "-Onone";
			};
			name = Debug;
		};
		0B100A022B8F500000000001 /* Release */ = {
			isa = XCBuildConfiguration;
			buildSettings = {
				ALWAYS_SEARCH_USER_PATHS = NO;
				CLANG_ANALYZER_NONNULL = YES;
				CLANG_ANALYZER_NUMBER_OBJECT_CONVERSION = YES_AGGRESSIVE;
				CLANG_CXX_LANGUAGE_STANDARD = "gnu++20";
				CLANG_ENABLE_MODULES = YES;
				CLANG_ENABLE_OBJC_ARC = YES;
				CLANG_ENABLE_OBJC_WEAK = YES;
				CLANG_WARN_BLOCK_CAPTURE_AUTORELEASING = YES;
				CLANG_WARN_BOOL_CONVERSION = YES;
				CLANG_WARN_COMMA = YES;
				CLANG_WARN_CONSTANT_CONVERSION = YES;
				CLANG_WARN_DEPRECATED_OBJC_IMPLEMENTATIONS = YES;
				CLANG_WARN_DIRECT_OBJC_ISA_USAGE = YES_ERROR;
				CLANG_WARN_DOCUMENTATION_COMMENTS = YES;
				CLANG_WARN_EMPTY_BODY = YES;
				CLANG_WARN_ENUM_CONVERSION = YES;
				CLANG_WARN_INFINITE_RECURSION = YES;
				CLANG_WARN_INT_CONVERSION = YES;
				CLANG_WARN_NON_LITERAL_NULL_CONVERSION = YES;
				CLANG_WARN_OBJC_IMPLICIT_RETAIN_SELF = YES;
				CLANG_WARN_OBJC_LITERAL_CONVERSION = YES;
				CLANG_WARN_OBJC_ROOT_CLASS = YES_ERROR;
				CLANG_WARN_QUOTED_INCLUDE_IN_FRAMEWORK_HEADER = YES;
				CLANG_WARN_RANGE_LOOP_ANALYSIS = YES;
				CLANG_WARN_STRICT_PROTOTYPES = YES;
				CLANG_WARN_SUSPICIOUS_MOVE = YES;
				CLANG_WARN_UNGUARDED_AVAILABILITY = YES_AGGRESSIVE;
				CLANG_WARN_UNREACHABLE_CODE = YES;
				CLANG_WARN__DUPLICATE_METHOD_MATCH = YES;
				COPY_PHASE_STRIP = NO;
				DEBUG_INFORMATION_FORMAT = "dwarf-with-dsym";
				ENABLE_NS_ASSERTIONS = NO;
				ENABLE_STRICT_OBJC_MSGSEND = YES;
				ENABLE_USER_SCRIPT_SANDBOXING = YES;
				GCC_C_LANGUAGE_STANDARD = gnu17;
				GCC_NO_COMMON_BLOCKS = YES;
				GCC_WARN_64_TO_32_BIT_CONVERSION = YES;
				GCC_WARN_ABOUT_RETURN_TYPE = YES_ERROR;
				GCC_WARN_UNDECLARED_SELECTOR = YES;
				GCC_WARN_UNINITIALIZED_AUTOS = YES_AGGRESSIVE;
				GCC_WARN_UNUSED_FUNCTION = YES;
				GCC_WARN_UNUSED_VARIABLE = YES;
				IPHONEOS_DEPLOYMENT_TARGET = 17.0;
				MTL_ENABLE_DEBUG_INFO = NO;
				MTL_FAST_MATH = YES;
				SDKROOT = iphoneos;
				SWIFT_COMPILATION_MODE = wholemodule;
				VALIDATE_PRODUCT = YES;
			};
			name = Release;
		};
		0B100A032B8F500000000001 /* Debug */ = {
			isa = XCBuildConfiguration;
			buildSettings = {
				ASSETCATALOG_COMPILER_GLOBAL_ACCENT_COLOR_NAME = AccentColor;
				ASSETCATALOG_COMPILER_APPICON_NAME = AppIcon;
				ASSETCATALOG_COMPILER_ALTERNATE_APPICON_NAMES = "AppIconLight AppIconDark";
				CODE_SIGN_ENTITLEMENTS = FieldLGXNative/FieldLGXNative.entitlements;
				CODE_SIGN_STYLE = Automatic;
				CURRENT_PROJECT_VERSION = 1;
				DEVELOPMENT_TEAM = 7KFZG78236;
				ENABLE_PREVIEWS = YES;
				FIELDLGX_API_BASE_URL = "https://app.fieldlgx.com";
				GENERATE_INFOPLIST_FILE = NO;
				INFOPLIST_FILE = FieldLGXNative/Info.plist;
				INFOPLIST_KEY_CFBundleDisplayName = FIELDLGX;
				INFOPLIST_KEY_LSApplicationCategoryType = "public.app-category.business";
				IPHONEOS_DEPLOYMENT_TARGET = 17.0;
				LD_RUNPATH_SEARCH_PATHS = (
					"$(inherited)",
					"@executable_path/Frameworks",
				);
				MARKETING_VERSION = 1.0;
				PRODUCT_BUNDLE_IDENTIFIER = com.fieldlgx.app;
				PRODUCT_NAME = "$(TARGET_NAME)";
				SUPPORTED_PLATFORMS = "iphoneos iphonesimulator";
				SUPPORTS_MACCATALYST = NO;
				SUPPORTS_MAC_DESIGNED_FOR_IPHONE_IPAD = NO;
				SWIFT_EMIT_LOC_STRINGS = YES;
				SWIFT_VERSION = 5.0;
				TARGETED_DEVICE_FAMILY = 1;
			};
			name = Debug;
		};
		0B100A042B8F500000000001 /* Release */ = {
			isa = XCBuildConfiguration;
			buildSettings = {
				ASSETCATALOG_COMPILER_GLOBAL_ACCENT_COLOR_NAME = AccentColor;
				ASSETCATALOG_COMPILER_APPICON_NAME = AppIcon;
				ASSETCATALOG_COMPILER_ALTERNATE_APPICON_NAMES = "AppIconLight AppIconDark";
				CODE_SIGN_ENTITLEMENTS = FieldLGXNative/FieldLGXNative.entitlements;
				CODE_SIGN_STYLE = Automatic;
				CURRENT_PROJECT_VERSION = 1;
				DEVELOPMENT_TEAM = 7KFZG78236;
				ENABLE_PREVIEWS = YES;
				FIELDLGX_API_BASE_URL = "https://app.fieldlgx.com";
				GENERATE_INFOPLIST_FILE = NO;
				INFOPLIST_FILE = FieldLGXNative/Info.plist;
				INFOPLIST_KEY_CFBundleDisplayName = FIELDLGX;
				INFOPLIST_KEY_LSApplicationCategoryType = "public.app-category.business";
				IPHONEOS_DEPLOYMENT_TARGET = 17.0;
				LD_RUNPATH_SEARCH_PATHS = (
					"$(inherited)",
					"@executable_path/Frameworks",
				);
				MARKETING_VERSION = 1.0;
				PRODUCT_BUNDLE_IDENTIFIER = com.fieldlgx.app;
				PRODUCT_NAME = "$(TARGET_NAME)";
				SUPPORTED_PLATFORMS = "iphoneos iphonesimulator";
				SUPPORTS_MACCATALYST = NO;
				SUPPORTS_MAC_DESIGNED_FOR_IPHONE_IPAD = NO;
				SWIFT_EMIT_LOC_STRINGS = YES;
				SWIFT_VERSION = 5.0;
				TARGETED_DEVICE_FAMILY = 1;
			};
			name = Release;
		};
/* End XCBuildConfiguration section */

/* Begin XCConfigurationList section */
		0B1009012B8F500000000001 /* Build configuration list for PBXNativeTarget "FieldLGXNative" */ = {
			isa = XCConfigurationList;
			buildConfigurations = (
				0B100A032B8F500000000001 /* Debug */,
				0B100A042B8F500000000001 /* Release */,
			);
			defaultConfigurationIsVisible = 0;
			defaultConfigurationName = Release;
		};
		0B1009022B8F500000000001 /* Build configuration list for PBXProject "FieldLGXNative" */ = {
			isa = XCConfigurationList;
			buildConfigurations = (
				0B100A012B8F500000000001 /* Debug */,
				0B100A022B8F500000000001 /* Release */,
			);
			defaultConfigurationIsVisible = 0;
			defaultConfigurationName = Release;
		};
/* End XCConfigurationList section */
	};
	rootObject = 0B1008012B8F500000000001 /* Project object */;
}
